
Microsoft Visual Studio Solution File, Format Version 12.00
# Visual Studio Version 17
VisualStudioVersion = 17.5.33627.172
MinimumVisualStudioVersion = 10.0.40219.1
Project("{FAE04EC0-301F-11D3-BF4B-00C04F79EFBC}") = "Researcher Management", "Researcher Management\Researcher Management.csproj", "{FC32245B-1FED-4D3D-A8A9-D67AC3853995}"
EndProject
Global
	GlobalSection(SolutionConfigurationPlatforms) = preSolution
		Debug|Any CPU = Debug|Any CPU
		Release|Any CPU = Release|Any CPU
	EndGlobalSection
	GlobalSection(ProjectConfigurationPlatforms) = postSolution
		{FC32245B-1FED-4D3D-A8A9-D67AC3853995}.Debug|Any CPU.ActiveCfg = Debug|Any CPU
		{FC32245B-1FED-4D3D-A8A9-D67AC3853995}.Debug|Any CPU.Build.0 = Debug|Any CPU
		{FC32245B-1FED-4D3D-A8A9-D67AC3853995}.Release|Any CPU.ActiveCfg = Release|Any CPU
		{FC32245B-1FED-4D3D-A8A9-D67AC3853995}.Release|Any CPU.Build.0 = Release|Any CPU
	EndGlobalSection
	GlobalSection(SolutionProperties) = preSolution
		HideSolutionNode = FALSE
	EndGlobalSection
	GlobalSection(ExtensibilityGlobals) = postSolution
		SolutionGuid = {F9B9970F-B3E3-43EB-8599-FDEDBC98A9A7}
	EndGlobalSection
EndGlobal
